
Microsoft Visual Studio Solution File, Format Version 12.00
# Visual Studio Version 16
VisualStudioVersion = 16.0.30621.155
MinimumVisualStudioVersion = 10.0.40219.1
Project("{FAE04EC0-301F-11D3-BF4B-00C04F79EFBC}") = "BOOKSTORE", "BOOKSTORE\BOOKSTORE.csproj", "{164EA2DE-FDE7-47E4-89B7-76F2052F4433}"
EndProject
Global
	GlobalSection(SolutionConfigurationPlatforms) = preSolution
		Debug|Any CPU = Debug|Any CPU
		Release|Any CPU = Release|Any CPU
	EndGlobalSection
	GlobalSection(ProjectConfigurationPlatforms) = postSolution
		{164EA2DE-FDE7-47E4-89B7-76F2052F4433}.Debug|Any CPU.ActiveCfg = Debug|Any CPU
		{164EA2DE-FDE7-47E4-89B7-76F2052F4433}.Debug|Any CPU.Build.0 = Debug|Any CPU
		{164EA2DE-FDE7-47E4-89B7-76F2052F4433}.Release|Any CPU.ActiveCfg = Release|Any CPU
		{164EA2DE-FDE7-47E4-89B7-76F2052F4433}.Release|Any CPU.Build.0 = Release|Any CPU
	EndGlobalSection
	GlobalSection(SolutionProperties) = preSolution
		HideSolutionNode = FALSE
	EndGlobalSection
	GlobalSection(ExtensibilityGlobals) = postSolution
		SolutionGuid = {2DA8C8A1-CAF8-44A8-8173-C3040E021FEA}
	EndGlobalSection
EndGlobal
